// !$*UTF8*$!
{
	archiveVersion = 1;
	classes = {
	};
	objectVersion = 50;
	objects = {

/* Begin PBXBuildFile section */
		A8C28D4E23FE73BC00E2EAA1 /* AppDelegate.swift in Sources */ = {isa = PBXBuildFile; fileRef = A8C28D4D23FE73BC00E2EAA1 /* AppDelegate.swift */; };
		A8C28D5023FE73BC00E2EAA1 /* SceneDelegate.swift in Sources */ = {isa = PBXBuildFile; fileRef = A8C28D4F23FE73BC00E2EAA1 /* SceneDelegate.swift */; };
		A8C28D5323FE73BC00E2EAA1 /* task_list.xcdatamodeld in Sources */ = {isa = PBXBuildFile; fileRef = A8C28D5123FE73BC00E2EAA1 /* task_list.xcdatamodeld */; };
		A8C28D5523FE73BC00E2EAA1 /* ContentView.swift in Sources */ = {isa = PBXBuildFile; fileRef = A8C28D5423FE73BC00E2EAA1 /* ContentView.swift */; };
		A8C28D5723FE73BE00E2EAA1 /* Assets.xcassets in Resources */ = {isa = PBXBuildFile; fileRef = A8C28D5623FE73BE00E2EAA1 /* Assets.xcassets */; };
		A8C28D5A23FE73BE00E2EAA1 /* Preview Assets.xcassets in Resources */ = {isa = PBXBuildFile; fileRef = A8C28D5923FE73BE00E2EAA1 /* Preview Assets.xcassets */; };
		A8C28D5D23FE73BE00E2EAA1 /* LaunchScreen.storyboard in Resources */ = {isa = PBXBuildFile; fileRef = A8C28D5B23FE73BE00E2EAA1 /* LaunchScreen.storyboard */; };
/* End PBXBuildFile section */

/* Begin PBXFileReference section */
		A8C28D4A23FE73BC00E2EAA1 /* task list.app */ = {isa = PBXFileReference; explicitFileType = wrapper.application; includeInIndex = 0; path = "task list.app"; sourceTree = BUILT_PRODUCTS_DIR; };
		A8C28D4D23FE73BC00E2EAA1 /* AppDelegate.swift */ = {isa = PBXFileReference; lastKnownFileType = sourcecode.swift; path = AppDelegate.swift; sourceTree = "<group>"; };
		A8C28D4F23FE73BC00E2EAA1 /* SceneDelegate.swift */ = {isa = PBXFileReference; lastKnownFileType = sourcecode.swift; path = SceneDelegate.swift; sourceTree = "<group>"; };
		A8C28D5223FE73BC00E2EAA1 /* task_list.xcdatamodel */ = {isa = PBXFileReference; lastKnownFileType = wrapper.xcdatamodel; path = task_list.xcdatamodel; sourceTree = "<group>"; };
		A8C28D5423FE73BC00E2EAA1 /* ContentView.swift */ = {isa = PBXFileReference; lastKnownFileType = sourcecode.swift; path = ContentView.swift; sourceTree = "<group>"; };
		A8C28D5623FE73BE00E2EAA1 /* Assets.xcassets */ = {isa = PBXFileReference; lastKnownFileType = folder.assetcatalog; path = Assets.xcassets; sourceTree = "<group>"; };
		A8C28D5923FE73BE00E2EAA1 /* Preview Assets.xcassets */ = {isa = PBXFileReference; lastKnownFileType = folder.assetcatalog; path = "Preview Assets.xcassets"; sourceTree = "<group>"; };
		A8C28D5C23FE73BE00E2EAA1 /* Base */ = {isa = PBXFileReference; lastKnownFileType = file.storyboard; name = Base; path = Base.lproj/LaunchScreen.storyboard; sourceTree = "<group>"; };
		A8C28D5E23FE73BE00E2EAA1 /* Info.plist */ = {isa = PBXFileReference; lastKnownFileType = text.plist.xml; path = Info.plist; sourceTree = "<group>"; };
/* End PBXFileReference section */

/* Begin PBXFrameworksBuildPhase section */
		A8C28D4723FE73BC00E2EAA1 /* Frameworks */ = {
			isa = PBXFrameworksBuildPhase;
			buildActionMask = 2147483647;
			files = (
			);
			runOnlyForDeploymentPostprocessing = 0;
		};
/* End PBXFrameworksBuildPhase section */

/* Begin PBXGroup section */
		A8C28D4123FE73BC00E2EAA1 = {
			isa = PBXGroup;
			children = (
				A8C28D4C23FE73BC00E2EAA1 /* task list */,
				A8C28D4B23FE73BC00E2EAA1 /* Products */,
			);
			sourceTree = "<group>";
		};
		A8C28D4B23FE73BC00E2EAA1 /* Products */ = {
			isa = PBXGroup;
			children = (
				A8C28D4A23FE73BC00E2EAA1 /* task list.app */,
			);
			name = Products;
			sourceTree = "<group>";
		};
		A8C28D4C23FE73BC00E2EAA1 /* task list */ = {
			isa = PBXGroup;
			children = (
				A8C28D4D23FE73BC00E2EAA1 /* AppDelegate.swift */,
				A8C28D4F23FE73BC00E2EAA1 /* SceneDelegate.swift */,
				A8C28D5423FE73BC00E2EAA1 /* ContentView.swift */,
				A8C28D5623FE73BE00E2EAA1 /* Assets.xcassets */,
				A8C28D5B23FE73BE00E2EAA1 /* LaunchScreen.storyboard */,
				A8C28D5E23FE73BE00E2EAA1 /* Info.plist */,
				A8C28D5123FE73BC00E2EAA1 /* task_list.xcdatamodeld */,
				A8C28D5823FE73BE00E2EAA1 /* Preview Content */,
			);
			path = "task list";
			sourceTree = "<group>";
		};
		A8C28D5823FE73BE00E2EAA1 /* Preview Content */ = {
			isa = PBXGroup;
			children = (
				A8C28D5923FE73BE00E2EAA1 /* Preview Assets.xcassets */,
			);
			path = "Preview Content";
			sourceTree = "<group>";
		};
/* End PBXGroup section */

/* Begin PBXNativeTarget section */
		A8C28D4923FE73BC00E2EAA1 /* task list */ = {
			isa = PBXNativeTarget;
			buildConfigurationList = A8C28D6123FE73BE00E2EAA1 /* Build configuration list for PBXNativeTarget "task list" */;
			buildPhases = (
				A8C28D4623FE73BC00E2EAA1 /* Sources */,
				A8C28D4723FE73BC00E2EAA1 /* Frameworks */,
				A8C28D4823FE73BC00E2EAA1 /* Resources */,
			);
			buildRules = (
			);
			dependencies = (
			);
			name = "task list";
			productName = "task list";
			productReference = A8C28D4A23FE73BC00E2EAA1 /* task list.app */;
			productType = "com.apple.product-type.application";
		};
/* End PBXNativeTarget section */

/* Begin PBXProject section */
		A8C28D4223FE73BC00E2EAA1 /* Project object */ = {
			isa = PBXProject;
			attributes = {
				LastSwiftUpdateCheck = 1130;
				LastUpgradeCheck = 1130;
				ORGANIZATIONNAME = "Azhagusundaram Tamil";
				TargetAttributes = {
					A8C28D4923FE73BC00E2EAA1 = {
						CreatedOnToolsVersion = 11.3.1;
					};
				};
			};
			buildConfigurationList = A8C28D4523FE73BC00E2EAA1 /* Build configuration list for PBXProject "task list" */;
			compatibilityVersion = "Xcode 9.3";
			developmentRegion = en;
			hasScannedForEncodings = 0;
			knownRegions = (
				en,
				Base,
			);
			mainGroup = A8C28D4123FE73BC00E2EAA1;
			productRefGroup = A8C28D4B23FE73BC00E2EAA1 /* Products */;
			projectDirPath = "";
			projectRoot = "";
			targets = (
				A8C28D4923FE73BC00E2EAA1 /* task list */,
			);
		};
/* End PBXProject section */

/* Begin PBXResourcesBuildPhase section */
		A8C28D4823FE73BC00E2EAA1 /* Resources */ = {
			isa = PBXResourcesBuildPhase;
			buildActionMask = 2147483647;
			files = (
				A8C28D5D23FE73BE00E2EAA1 /* LaunchScreen.storyboard in Resources */,
				A8C28D5A23FE73BE00E2EAA1 /* Preview Assets.xcassets in Resources */,
				A8C28D5723FE73BE00E2EAA1 /* Assets.xcassets in Resources */,
			);
			runOnlyForDeploymentPostprocessing = 0;
		};
/* End PBXResourcesBuildPhase section */

/* Begin PBXSourcesBuildPhase section */
		A8C28D4623FE73BC00E2EAA1 /* Sources */ = {
			isa = PBXSourcesBuildPhase;
			buildActionMask = 2147483647;
			files = (
				A8C28D4E23FE73BC00E2EAA1 /* AppDelegate.swift in Sources */,
				A8C28D5023FE73BC00E2EAA1 /* SceneDelegate.swift in Sources */,
				A8C28D5523FE73BC00E2EAA1 /* ContentView.swift in Sources */,
				A8C28D5323FE73BC00E2EAA1 /* task_list.xcdatamodeld in Sources */,
			);
			runOnlyForDeploymentPostprocessing = 0;
		};
/* End PBXSourcesBuildPhase section */

/* Begin PBXVariantGroup section */
		A8C28D5B23FE73BE00E2EAA1 /* LaunchScreen.storyboard */ = {
			isa = PBXVariantGroup;
			children = (
				A8C28D5C23FE73BE00E2EAA1 /* Base */,
			);
			name = LaunchScreen.storyboard;
			sourceTree = "<group>";
		};
/* End PBXVariantGroup section */

/* Begin XCBuildConfiguration section */
		A8C28D5F23FE73BE00E2EAA1 /* Debug */ = {
			isa = XCBuildConfiguration;
			buildSettings = {
				ALWAYS_SEARCH_USER_PATHS = NO;
				CLANG_ANALYZER_NONNULL = YES;
				CLANG_ANALYZER_NUMBER_OBJECT_CONVERSION = YES_AGGRESSIVE;
				CLANG_CXX_LANGUAGE_STANDARD = "gnu++14";
				CLANG_CXX_LIBRARY = "libc++";
				CLANG_ENABLE_MODULES = YES;
				CLANG_ENABLE_OBJC_ARC = YES;
				CLANG_ENABLE_OBJC_WEAK = YES;
				CLANG_WARN_BLOCK_CAPTURE_AUTORELEASING = YES;
				CLANG_WARN_BOOL_CONVERSION = YES;
				CLANG_WARN_COMMA = YES;
				CLANG_WARN_CONSTANT_CONVERSION = YES;
				CLANG_WARN_DEPRECATED_OBJC_IMPLEMENTATIONS = YES;
				CLANG_WARN_DIRECT_OBJC_ISA_USAGE = YES_ERROR;
				CLANG_WARN_DOCUMENTATION_COMMENTS = YES;
				CLANG_WARN_EMPTY_BODY = YES;
				CLANG_WARN_ENUM_CONVERSION = YES;
				CLANG_WARN_INFINITE_RECURSION = YES;
				CLANG_WARN_INT_CONVERSION = YES;
				CLANG_WARN_NON_LITERAL_NULL_CONVERSION = YES;
				CLANG_WARN_OBJC_IMPLICIT_RETAIN_SELF = YES;
				CLANG_WARN_OBJC_LITERAL_CONVERSION = YES;
				CLANG_WARN_OBJC_ROOT_CLASS = YES_ERROR;
				CLANG_WARN_RANGE_LOOP_ANALYSIS = YES;
				CLANG_WARN_STRICT_PROTOTYPES = YES;
				CLANG_WARN_SUSPICIOUS_MOVE = YES;
				CLANG_WARN_UNGUARDED_AVAILABILITY = YES_AGGRESSIVE;
				CLANG_WARN_UNREACHABLE_CODE = YES;
				CLANG_WARN__DUPLICATE_METHOD_MATCH = YES;
				COPY_PHASE_STRIP = NO;
				DEBUG_INFORMATION_FORMAT = dwarf;
				ENABLE_STRICT_OBJC_MSGSEND = YES;
				ENABLE_TESTABILITY = YES;
				GCC_C_LANGUAGE_STANDARD = gnu11;
				GCC_DYNAMIC_NO_PIC = NO;
				GCC_NO_COMMON_BLOCKS = YES;
				GCC_OPTIMIZATION_LEVEL = 0;
				GCC_PREPROCESSOR_DEFINITIONS = (
					"DEBUG=1",
					"$(inherited)",
				);
				GCC_WARN_64_TO_32_BIT_CONVERSION = YES;
				GCC_WARN_ABOUT_RETURN_TYPE = YES_ERROR;
				GCC_WARN_UNDECLARED_SELECTOR = YES;
				GCC_WARN_UNINITIALIZED_AUTOS = YES_AGGRESSIVE;
				GCC_WARN_UNUSED_FUNCTION = YES;
				GCC_WARN_UNUSED_VARIABLE = YES;
				IPHONEOS_DEPLOYMENT_TARGET = 13.2;
				MTL_ENABLE_DEBUG_INFO = INCLUDE_SOURCE;
				MTL_FAST_MATH = YES;
				ONLY_ACTIVE_ARCH = YES;
				SDKROOT = iphoneos;
				SWIFT_ACTIVE_COMPILATION_CONDITIONS = DEBUG;
				SWIFT_OPTIMIZATION_LEVEL = "-Onone";
			};
			name = Debug;
		};
		A8C28D6023FE73BE00E2EAA1 /* Release */ = {
			isa = XCBuildConfiguration;
			buildSettings = {
				ALWAYS_SEARCH_USER_PATHS = NO;
				CLANG_ANALYZER_NONNULL = YES;
				CLANG_ANALYZER_NUMBER_OBJECT_CONVERSION = YES_AGGRESSIVE;
				CLANG_CXX_LANGUAGE_STANDARD = "gnu++14";
				CLANG_CXX_LIBRARY = "libc++";
				CLANG_ENABLE_MODULES = YES;
				CLANG_ENABLE_OBJC_ARC = YES;
				CLANG_ENABLE_OBJC_WEAK = YES;
				CLANG_WARN_BLOCK_CAPTURE_AUTORELEASING = YES;
				CLANG_WARN_BOOL_CONVERSION = YES;
				CLANG_WARN_COMMA = YES;
				CLANG_WARN_CONSTANT_CONVERSION = YES;
				CLANG_WARN_DEPRECATED_OBJC_IMPLEMENTATIONS = YES;
				CLANG_WARN_DIRECT_OBJC_ISA_USAGE = YES_ERROR;
				CLANG_WARN_DOCUMENTATION_COMMENTS = YES;
				CLANG_WARN_EMPTY_BODY = YES;
				CLANG_WARN_ENUM_CONVERSION = YES;
				CLANG_WARN_INFINITE_RECURSION = YES;
				CLANG_WARN_INT_CONVERSION = YES;
				CLANG_WARN_NON_LITERAL_NULL_CONVERSION = YES;
				CLANG_WARN_OBJC_IMPLICIT_RETAIN_SELF = YES;
				CLANG_WARN_OBJC_LITERAL_CONVERSION = YES;
				CLANG_WARN_OBJC_ROOT_CLASS = YES_ERROR;
				CLANG_WARN_RANGE_LOOP_ANALYSIS = YES;
				CLANG_WARN_STRICT_PROTOTYPES = YES;
				CLANG_WARN_SUSPICIOUS_MOVE = YES;
				CLANG_WARN_UNGUARDED_AVAILABILITY = YES_AGGRESSIVE;
				CLANG_WARN_UNREACHABLE_CODE = YES;
				CLANG_WARN__DUPLICATE_METHOD_MATCH = YES;
				COPY_PHASE_STRIP = NO;
				DEBUG_INFORMATION_FORMAT = "dwarf-with-dsym";
				ENABLE_NS_ASSERTIONS = NO;
				ENABLE_STRICT_OBJC_MSGSEND = YES;
				GCC_C_LANGUAGE_STANDARD = gnu11;
				GCC_NO_COMMON_BLOCKS = YES;
				GCC_WARN_64_TO_32_BIT_CONVERSION = YES;
				GCC_WARN_ABOUT_RETURN_TYPE = YES_ERROR;
				GCC_WARN_UNDECLARED_SELECTOR = YES;
				GCC_WARN_UNINITIALIZED_AUTOS = YES_AGGRESSIVE;
				GCC_WARN_UNUSED_FUNCTION = YES;
				GCC_WARN_UNUSED_VARIABLE = YES;
				IPHONEOS_DEPLOYMENT_TARGET = 13.2;
				MTL_ENABLE_DEBUG_INFO = NO;
				MTL_FAST_MATH = YES;
				SDKROOT = iphoneos;
				SWIFT_COMPILATION_MODE = wholemodule;
				SWIFT_OPTIMIZATION_LEVEL = "-O";
				VALIDATE_PRODUCT = YES;
			};
			name = Release;
		};
		A8C28D6223FE73BE00E2EAA1 /* Debug */ = {
			isa = XCBuildConfiguration;
			buildSettings = {
				ASSETCATALOG_COMPILER_APPICON_NAME = AppIcon;
				CODE_SIGN_STYLE = Automatic;
				DEVELOPMENT_ASSET_PATHS = "\"task list/Preview Content\"";
				DEVELOPMENT_TEAM = Q774K33HT4;
				ENABLE_PREVIEWS = YES;
				INFOPLIST_FILE = "task list/Info.plist";
				LD_RUNPATH_SEARCH_PATHS = (
					"$(inherited)",
					"@executable_path/Frameworks",
				);
				PRODUCT_BUNDLE_IDENTIFIER = "com.jeeva.task-list";
				PRODUCT_NAME = "$(TARGET_NAME)";
				SWIFT_VERSION = 5.0;
				TARGETED_DEVICE_FAMILY = "1,2";
			};
			name = Debug;
		};
		A8C28D6323FE73BE00E2EAA1 /* Release */ = {
			isa = XCBuildConfiguration;
			buildSettings = {
				ASSETCATALOG_COMPILER_APPICON_NAME = AppIcon;
				CODE_SIGN_STYLE = Automatic;
				DEVELOPMENT_ASSET_PATHS = "\"task list/Preview Content\"";
				DEVELOPMENT_TEAM = Q774K33HT4;
				ENABLE_PREVIEWS = YES;
				INFOPLIST_FILE = "task list/Info.plist";
				LD_RUNPATH_SEARCH_PATHS = (
					"$(inherited)",
					"@executable_path/Frameworks",
				);
				PRODUCT_BUNDLE_IDENTIFIER = "com.jeeva.task-list";
				PRODUCT_NAME = "$(TARGET_NAME)";
				SWIFT_VERSION = 5.0;
				TARGETED_DEVICE_FAMILY = "1,2";
			};
			name = Release;
		};
/* End XCBuildConfiguration section */

/* Begin XCConfigurationList section */
		A8C28D4523FE73BC00E2EAA1 /* Build configuration list for PBXProject "task list" */ = {
			isa = XCConfigurationList;
			buildConfigurations = (
				A8C28D5F23FE73BE00E2EAA1 /* Debug */,
				A8C28D6023FE73BE00E2EAA1 /* Release */,
			);
			defaultConfigurationIsVisible = 0;
			defaultConfigurationName = Release;
		};
		A8C28D6123FE73BE00E2EAA1 /* Build configuration list for PBXNativeTarget "task list" */ = {
			isa = XCConfigurationList;
			buildConfigurations = (
				A8C28D6223FE73BE00E2EAA1 /* Debug */,
				A8C28D6323FE73BE00E2EAA1 /* Release */,
			);
			defaultConfigurationIsVisible = 0;
			defaultConfigurationName = Release;
		};
/* End XCConfigurationList section */

/* Begin XCVersionGroup section */
		A8C28D5123FE73BC00E2EAA1 /* task_list.xcdatamodeld */ = {
			isa = XCVersionGroup;
			children = (
				A8C28D5223FE73BC00E2EAA1 /* task_list.xcdatamodel */,
			);
			currentVersion = A8C28D5223FE73BC00E2EAA1 /* task_list.xcdatamodel */;
			path = task_list.xcdatamodeld;
			sourceTree = "<group>";
			versionGroupType = wrapper.xcdatamodel;
		};
/* End XCVersionGroup section */
	};
	rootObject = A8C28D4223FE73BC00E2EAA1 /* Project object */;
}
